
Microsoft Visual Studio Solution File, Format Version 12.00
# Visual Studio 15
VisualStudioVersion = 15.0.28307.1738
MinimumVisualStudioVersion = 10.0.40219.1
Project("{FAE04EC0-301F-11D3-BF4B-00C04F79EFBC}") = "QLTVUI", "QLTV_Mixture\QLTVUI.csproj", "{93807EAA-647C-424F-8920-D6863AD21883}"
EndProject
Project("{FAE04EC0-301F-11D3-BF4B-00C04F79EFBC}") = "QLTVDTO", "QLTVDTO\QLTVDTO.csproj", "{B3BFE8B9-226E-4A8C-B9AE-77FE5C3DBBC0}"
EndProject
Project("{FAE04EC0-301F-11D3-BF4B-00C04F79EFBC}") = "QLTVDAL", "QLTVDAL\QLTVDAL.csproj", "{AA497842-E8C7-4427-9F42-AC852525FA68}"
EndProject
Project("{FAE04EC0-301F-11D3-BF4B-00C04F79EFBC}") = "QLTVBUS", "QLTVBUS\QLTVBUS.csproj", "{9C5ABA85-29DA-4206-B94C-CAC6B45909EE}"
EndProject
Global
	GlobalSection(SolutionConfigurationPlatforms) = preSolution
		Debug|Any CPU = Debug|Any CPU
		Release|Any CPU = Release|Any CPU
	EndGlobalSection
	GlobalSection(ProjectConfigurationPlatforms) = postSolution
		{93807EAA-647C-424F-8920-D6863AD21883}.Debug|Any CPU.ActiveCfg = Debug|Any CPU
		{93807EAA-647C-424F-8920-D6863AD21883}.Debug|Any CPU.Build.0 = Debug|Any CPU
		{93807EAA-647C-424F-8920-D6863AD21883}.Release|Any CPU.ActiveCfg = Release|Any CPU
		{93807EAA-647C-424F-8920-D6863AD21883}.Release|Any CPU.Build.0 = Release|Any CPU
		{B3BFE8B9-226E-4A8C-B9AE-77FE5C3DBBC0}.Debug|Any CPU.ActiveCfg = Debug|Any CPU
		{B3BFE8B9-226E-4A8C-B9AE-77FE5C3DBBC0}.Debug|Any CPU.Build.0 = Debug|Any CPU
		{B3BFE8B9-226E-4A8C-B9AE-77FE5C3DBBC0}.Release|Any CPU.ActiveCfg = Release|Any CPU
		{B3BFE8B9-226E-4A8C-B9AE-77FE5C3DBBC0}.Release|Any CPU.Build.0 = Release|Any CPU
		{AA497842-E8C7-4427-9F42-AC852525FA68}.Debug|Any CPU.ActiveCfg = Debug|Any CPU
		{AA497842-E8C7-4427-9F42-AC852525FA68}.Debug|Any CPU.Build.0 = Debug|Any CPU
		{AA497842-E8C7-4427-9F42-AC852525FA68}.Release|Any CPU.ActiveCfg = Release|Any CPU
		{AA497842-E8C7-4427-9F42-AC852525FA68}.Release|Any CPU.Build.0 = Release|Any CPU
		{9C5ABA85-29DA-4206-B94C-CAC6B45909EE}.Debug|Any CPU.ActiveCfg = Debug|Any CPU
		{9C5ABA85-29DA-4206-B94C-CAC6B45909EE}.Debug|Any CPU.Build.0 = Debug|Any CPU
		{9C5ABA85-29DA-4206-B94C-CAC6B45909EE}.Release|Any CPU.ActiveCfg = Release|Any CPU
		{9C5ABA85-29DA-4206-B94C-CAC6B45909EE}.Release|Any CPU.Build.0 = Release|Any CPU
	EndGlobalSection
	GlobalSection(SolutionProperties) = preSolution
		HideSolutionNode = FALSE
	EndGlobalSection
	GlobalSection(ExtensibilityGlobals) = postSolution
		SolutionGuid = {8B456669-6ADC-47F8-A4C7-2BAF5E4E9200}
	EndGlobalSection
EndGlobal
